
Microsoft Visual Studio Solution File, Format Version 12.00
# Visual Studio Version 16
VisualStudioVersion = 16.0.30607.51
MinimumVisualStudioVersion = 10.0.40219.1
Project("{FAE04EC0-301F-11D3-BF4B-00C04F79EFBC}") = "WebApi", "WebApi\WebApi.csproj", "{D2752048-1D52-4457-9386-1DB918DFA589}"
EndProject
Project("{FAE04EC0-301F-11D3-BF4B-00C04F79EFBC}") = "WinFormClient", "..\WinFormClient\WinFormClient.csproj", "{E66B0BE3-5D40-4F41-9C10-7EE6FD232EB6}"
EndProject
Global
	GlobalSection(SolutionConfigurationPlatforms) = preSolution
		Debug|Any CPU = Debug|Any CPU
		Release|Any CPU = Release|Any CPU
	EndGlobalSection
	GlobalSection(ProjectConfigurationPlatforms) = postSolution
		{D2752048-1D52-4457-9386-1DB918DFA589}.Debug|Any CPU.ActiveCfg = Debug|Any CPU
		{D2752048-1D52-4457-9386-1DB918DFA589}.Debug|Any CPU.Build.0 = Debug|Any CPU
		{D2752048-1D52-4457-9386-1DB918DFA589}.Release|Any CPU.ActiveCfg = Release|Any CPU
		{D2752048-1D52-4457-9386-1DB918DFA589}.Release|Any CPU.Build.0 = Release|Any CPU
		{E66B0BE3-5D40-4F41-9C10-7EE6FD232EB6}.Debug|Any CPU.ActiveCfg = Debug|Any CPU
		{E66B0BE3-5D40-4F41-9C10-7EE6FD232EB6}.Debug|Any CPU.Build.0 = Debug|Any CPU
		{E66B0BE3-5D40-4F41-9C10-7EE6FD232EB6}.Release|Any CPU.ActiveCfg = Release|Any CPU
		{E66B0BE3-5D40-4F41-9C10-7EE6FD232EB6}.Release|Any CPU.Build.0 = Release|Any CPU
	EndGlobalSection
	GlobalSection(SolutionProperties) = preSolution
		HideSolutionNode = FALSE
	EndGlobalSection
	GlobalSection(ExtensibilityGlobals) = postSolution
		SolutionGuid = {3F0A33EA-E922-45AD-9B8B-276D191D3BEE}
	EndGlobalSection
EndGlobal
